// !$*UTF8*$!
{
	archiveVersion = 1;
	classes = {
	};
	objectVersion = 55;
	objects = {

/* Begin PBXBuildFile section */
		F5A4ADA92819B46000CCE178 /* FoodGuruApp.swift in Sources */ = {isa = PBXBuildFile; fileRef = F5A4ADA82819B46000CCE178 /* FoodGuruApp.swift */; };
		F5A4ADAB2819B46000CCE178 /* ContentView.swift in Sources */ = {isa = PBXBuildFile; fileRef = F5A4ADAA2819B46000CCE178 /* ContentView.swift */; };
		F5A4ADAD2819B46200CCE178 /* Assets.xcassets in Resources */ = {isa = PBXBuildFile; fileRef = F5A4ADAC2819B46200CCE178 /* Assets.xcassets */; };
		F5A4ADB02819B46200CCE178 /* Preview Assets.xcassets in Resources */ = {isa = PBXBuildFile; fileRef = F5A4ADAF2819B46200CCE178 /* Preview Assets.xcassets */; };
		F5A4ADBA2819B46200CCE178 /* FoodGuruTests.swift in Sources */ = {isa = PBXBuildFile; fileRef = F5A4ADB92819B46200CCE178 /* FoodGuruTests.swift */; };
		F5A4ADC42819B46300CCE178 /* FoodGuruUITests.swift in Sources */ = {isa = PBXBuildFile; fileRef = F5A4ADC32819B46300CCE178 /* FoodGuruUITests.swift */; };
		F5A4ADC62819B46300CCE178 /* FoodGuruUITestsLaunchTests.swift in Sources */ = {isa = PBXBuildFile; fileRef = F5A4ADC52819B46300CCE178 /* FoodGuruUITestsLaunchTests.swift */; };
/* End PBXBuildFile section */

/* Begin PBXContainerItemProxy section */
		F5A4ADB62819B46200CCE178 /* PBXContainerItemProxy */ = {
			isa = PBXContainerItemProxy;
			containerPortal = F5A4AD9D2819B46000CCE178 /* Project object */;
			proxyType = 1;
			remoteGlobalIDString = F5A4ADA42819B46000CCE178;
			remoteInfo = FoodGuru;
		};
		F5A4ADC02819B46300CCE178 /* PBXContainerItemProxy */ = {
			isa = PBXContainerItemProxy;
			containerPortal = F5A4AD9D2819B46000CCE178 /* Project object */;
			proxyType = 1;
			remoteGlobalIDString = F5A4ADA42819B46000CCE178;
			remoteInfo = FoodGuru;
		};
/* End PBXContainerItemProxy section */

/* Begin PBXFileReference section */
		F5A4ADA52819B46000CCE178 /* FoodGuru.app */ = {isa = PBXFileReference; explicitFileType = wrapper.application; includeInIndex = 0; path = FoodGuru.app; sourceTree = BUILT_PRODUCTS_DIR; };
		F5A4ADA82819B46000CCE178 /* FoodGuruApp.swift */ = {isa = PBXFileReference; lastKnownFileType = sourcecode.swift; path = FoodGuruApp.swift; sourceTree = "<group>"; };
		F5A4ADAA2819B46000CCE178 /* ContentView.swift */ = {isa = PBXFileReference; lastKnownFileType = sourcecode.swift; path = ContentView.swift; sourceTree = "<group>"; };
		F5A4ADAC2819B46200CCE178 /* Assets.xcassets */ = {isa = PBXFileReference; lastKnownFileType = folder.assetcatalog; path = Assets.xcassets; sourceTree = "<group>"; };
		F5A4ADAF2819B46200CCE178 /* Preview Assets.xcassets */ = {isa = PBXFileReference; lastKnownFileType = folder.assetcatalog; path = "Preview Assets.xcassets"; sourceTree = "<group>"; };
		F5A4ADB52819B46200CCE178 /* FoodGuruTests.xctest */ = {isa = PBXFileReference; explicitFileType = wrapper.cfbundle; includeInIndex = 0; path = FoodGuruTests.xctest; sourceTree = BUILT_PRODUCTS_DIR; };
		F5A4ADB92819B46200CCE178 /* FoodGuruTests.swift */ = {isa = PBXFileReference; lastKnownFileType = sourcecode.swift; path = FoodGuruTests.swift; sourceTree = "<group>"; };
		F5A4ADBF2819B46300CCE178 /* FoodGuruUITests.xctest */ = {isa = PBXFileReference; explicitFileType = wrapper.cfbundle; includeInIndex = 0; path = FoodGuruUITests.xctest; sourceTree = BUILT_PRODUCTS_DIR; };
		F5A4ADC32819B46300CCE178 /* FoodGuruUITests.swift */ = {isa = PBXFileReference; lastKnownFileType = sourcecode.swift; path = FoodGuruUITests.swift; sourceTree = "<group>"; };
		F5A4ADC52819B46300CCE178 /* FoodGuruUITestsLaunchTests.swift */ = {isa = PBXFileReference; lastKnownFileType = sourcecode.swift; path = FoodGuruUITestsLaunchTests.swift; sourceTree = "<group>"; };
/* End PBXFileReference section */

/* Begin PBXFrameworksBuildPhase section */
		F5A4ADA22819B46000CCE178 /* Frameworks */ = {
			isa = PBXFrameworksBuildPhase;
			buildActionMask = 2147483647;
			files = (
			);
			runOnlyForDeploymentPostprocessing = 0;
		};
		F5A4ADB22819B46200CCE178 /* Frameworks */ = {
			isa = PBXFrameworksBuildPhase;
			buildActionMask = 2147483647;
			files = (
			);
			runOnlyForDeploymentPostprocessing = 0;
		};
		F5A4ADBC2819B46300CCE178 /* Frameworks */ = {
			isa = PBXFrameworksBuildPhase;
			buildActionMask = 2147483647;
			files = (
			);
			runOnlyForDeploymentPostprocessing = 0;
		};
/* End PBXFrameworksBuildPhase section */

/* Begin PBXGroup section */
		F5A4AD9C2819B46000CCE178 = {
			isa = PBXGroup;
			children = (
				F5A4ADA72819B46000CCE178 /* FoodGuru */,
				F5A4ADB82819B46200CCE178 /* FoodGuruTests */,
				F5A4ADC22819B46300CCE178 /* FoodGuruUITests */,
				F5A4ADA62819B46000CCE178 /* Products */,
			);
			sourceTree = "<group>";
		};
		F5A4ADA62819B46000CCE178 /* Products */ = {
			isa = PBXGroup;
			children = (
				F5A4ADA52819B46000CCE178 /* FoodGuru.app */,
				F5A4ADB52819B46200CCE178 /* FoodGuruTests.xctest */,
				F5A4ADBF2819B46300CCE178 /* FoodGuruUITests.xctest */,
			);
			name = Products;
			sourceTree = "<group>";
		};
		F5A4ADA72819B46000CCE178 /* FoodGuru */ = {
			isa = PBXGroup;
			children = (
				F5A4ADA82819B46000CCE178 /* FoodGuruApp.swift */,
				F5A4ADAA2819B46000CCE178 /* ContentView.swift */,
				F5A4ADAC2819B46200CCE178 /* Assets.xcassets */,
				F5A4ADAE2819B46200CCE178 /* Preview Content */,
			);
			path = FoodGuru;
			sourceTree = "<group>";
		};
		F5A4ADAE2819B46200CCE178 /* Preview Content */ = {
			isa = PBXGroup;
			children = (
				F5A4ADAF2819B46200CCE178 /* Preview Assets.xcassets */,
			);
			path = "Preview Content";
			sourceTree = "<group>";
		};
		F5A4ADB82819B46200CCE178 /* FoodGuruTests */ = {
			isa = PBXGroup;
			children = (
				F5A4ADB92819B46200CCE178 /* FoodGuruTests.swift */,
			);
			path = FoodGuruTests;
			sourceTree = "<group>";
		};
		F5A4ADC22819B46300CCE178 /* FoodGuruUITests */ = {
			isa = PBXGroup;
			children = (
				F5A4ADC32819B46300CCE178 /* FoodGuruUITests.swift */,
				F5A4ADC52819B46300CCE178 /* FoodGuruUITestsLaunchTests.swift */,
			);
			path = FoodGuruUITests;
			sourceTree = "<group>";
		};
/* End PBXGroup section */

/* Begin PBXNativeTarget section */
		F5A4ADA42819B46000CCE178 /* FoodGuru */ = {
			isa = PBXNativeTarget;
			buildConfigurationList = F5A4ADC92819B46300CCE178 /* Build configuration list for PBXNativeTarget "FoodGuru" */;
			buildPhases = (
				F5A4ADA12819B46000CCE178 /* Sources */,
				F5A4ADA22819B46000CCE178 /* Frameworks */,
				F5A4ADA32819B46000CCE178 /* Resources */,
			);
			buildRules = (
			);
			dependencies = (
			);
			name = FoodGuru;
			productName = FoodGuru;
			productReference = F5A4ADA52819B46000CCE178 /* FoodGuru.app */;
			productType = "com.apple.product-type.application";
		};
		F5A4ADB42819B46200CCE178 /* FoodGuruTests */ = {
			isa = PBXNativeTarget;
			buildConfigurationList = F5A4ADCC2819B46300CCE178 /* Build configuration list for PBXNativeTarget "FoodGuruTests" */;
			buildPhases = (
				F5A4ADB12819B46200CCE178 /* Sources */,
				F5A4ADB22819B46200CCE178 /* Frameworks */,
				F5A4ADB32819B46200CCE178 /* Resources */,
			);
			buildRules = (
			);
			dependencies = (
				F5A4ADB72819B46200CCE178 /* PBXTargetDependency */,
			);
			name = FoodGuruTests;
			productName = FoodGuruTests;
			productReference = F5A4ADB52819B46200CCE178 /* FoodGuruTests.xctest */;
			productType = "com.apple.product-type.bundle.unit-test";
		};
		F5A4ADBE2819B46300CCE178 /* FoodGuruUITests */ = {
			isa = PBXNativeTarget;
			buildConfigurationList = F5A4ADCF2819B46300CCE178 /* Build configuration list for PBXNativeTarget "FoodGuruUITests" */;
			buildPhases = (
				F5A4ADBB2819B46300CCE178 /* Sources */,
				F5A4ADBC2819B46300CCE178 /* Frameworks */,
				F5A4ADBD2819B46300CCE178 /* Resources */,
			);
			buildRules = (
			);
			dependencies = (
				F5A4ADC12819B46300CCE178 /* PBXTargetDependency */,
			);
			name = FoodGuruUITests;
			productName = FoodGuruUITests;
			productReference = F5A4ADBF2819B46300CCE178 /* FoodGuruUITests.xctest */;
			productType = "com.apple.product-type.bundle.ui-testing";
		};
/* End PBXNativeTarget section */

/* Begin PBXProject section */
		F5A4AD9D2819B46000CCE178 /* Project object */ = {
			isa = PBXProject;
			attributes = {
				BuildIndependentTargetsInParallel = 1;
				LastSwiftUpdateCheck = 1310;
				LastUpgradeCheck = 1310;
				TargetAttributes = {
					F5A4ADA42819B46000CCE178 = {
						CreatedOnToolsVersion = 13.1;
					};
					F5A4ADB42819B46200CCE178 = {
						CreatedOnToolsVersion = 13.1;
						TestTargetID = F5A4ADA42819B46000CCE178;
					};
					F5A4ADBE2819B46300CCE178 = {
						CreatedOnToolsVersion = 13.1;
						TestTargetID = F5A4ADA42819B46000CCE178;
					};
				};
			};
			buildConfigurationList = F5A4ADA02819B46000CCE178 /* Build configuration list for PBXProject "FoodGuru" */;
			compatibilityVersion = "Xcode 13.0";
			developmentRegion = en;
			hasScannedForEncodings = 0;
			knownRegions = (
				en,
				Base,
			);
			mainGroup = F5A4AD9C2819B46000CCE178;
			productRefGroup = F5A4ADA62819B46000CCE178 /* Products */;
			projectDirPath = "";
			projectRoot = "";
			targets = (
				F5A4ADA42819B46000CCE178 /* FoodGuru */,
				F5A4ADB42819B46200CCE178 /* FoodGuruTests */,
				F5A4ADBE2819B46300CCE178 /* FoodGuruUITests */,
			);
		};
/* End PBXProject section */

/* Begin PBXResourcesBuildPhase section */
		F5A4ADA32819B46000CCE178 /* Resources */ = {
			isa = PBXResourcesBuildPhase;
			buildActionMask = 2147483647;
			files = (
				F5A4ADB02819B46200CCE178 /* Preview Assets.xcassets in Resources */,
				F5A4ADAD2819B46200CCE178 /* Assets.xcassets in Resources */,
			);
			runOnlyForDeploymentPostprocessing = 0;
		};
		F5A4ADB32819B46200CCE178 /* Resources */ = {
			isa = PBXResourcesBuildPhase;
			buildActionMask = 2147483647;
			files = (
			);
			runOnlyForDeploymentPostprocessing = 0;
		};
		F5A4ADBD2819B46300CCE178 /* Resources */ = {
			isa = PBXResourcesBuildPhase;
			buildActionMask = 2147483647;
			files = (
			);
			runOnlyForDeploymentPostprocessing = 0;
		};
/* End PBXResourcesBuildPhase section */

/* Begin PBXSourcesBuildPhase section */
		F5A4ADA12819B46000CCE178 /* Sources */ = {
			isa = PBXSourcesBuildPhase;
			buildActionMask = 2147483647;
			files = (
				F5A4ADAB2819B46000CCE178 /* ContentView.swift in Sources */,
				F5A4ADA92819B46000CCE178 /* FoodGuruApp.swift in Sources */,
			);
			runOnlyForDeploymentPostprocessing = 0;
		};
		F5A4ADB12819B46200CCE178 /* Sources */ = {
			isa = PBXSourcesBuildPhase;
			buildActionMask = 2147483647;
			files = (
				F5A4ADBA2819B46200CCE178 /* FoodGuruTests.swift in Sources */,
			);
			runOnlyForDeploymentPostprocessing = 0;
		};
		F5A4ADBB2819B46300CCE178 /* Sources */ = {
			isa = PBXSourcesBuildPhase;
			buildActionMask = 2147483647;
			files = (
				F5A4ADC62819B46300CCE178 /* FoodGuruUITestsLaunchTests.swift in Sources */,
				F5A4ADC42819B46300CCE178 /* FoodGuruUITests.swift in Sources */,
			);
			runOnlyForDeploymentPostprocessing = 0;
		};
/* End PBXSourcesBuildPhase section */

/* Begin PBXTargetDependency section */
		F5A4ADB72819B46200CCE178 /* PBXTargetDependency */ = {
			isa = PBXTargetDependency;
			target = F5A4ADA42819B46000CCE178 /* FoodGuru */;
			targetProxy = F5A4ADB62819B46200CCE178 /* PBXContainerItemProxy */;
		};
		F5A4ADC12819B46300CCE178 /* PBXTargetDependency */ = {
			isa = PBXTargetDependency;
			target = F5A4ADA42819B46000CCE178 /* FoodGuru */;
			targetProxy = F5A4ADC02819B46300CCE178 /* PBXContainerItemProxy */;
		};
/* End PBXTargetDependency section */

/* Begin XCBuildConfiguration section */
		F5A4ADC72819B46300CCE178 /* Debug */ = {
			isa = XCBuildConfiguration;
			buildSettings = {
				ALWAYS_SEARCH_USER_PATHS = NO;
				CLANG_ANALYZER_NONNULL = YES;
				CLANG_ANALYZER_NUMBER_OBJECT_CONVERSION = YES_AGGRESSIVE;
				CLANG_CXX_LANGUAGE_STANDARD = "gnu++17";
				CLANG_CXX_LIBRARY = "libc++";
				CLANG_ENABLE_MODULES = YES;
				CLANG_ENABLE_OBJC_ARC = YES;
				CLANG_ENABLE_OBJC_WEAK = YES;
				CLANG_WARN_BLOCK_CAPTURE_AUTORELEASING = YES;
				CLANG_WARN_BOOL_CONVERSION = YES;
				CLANG_WARN_COMMA = YES;
				CLANG_WARN_CONSTANT_CONVERSION = YES;
				CLANG_WARN_DEPRECATED_OBJC_IMPLEMENTATIONS = YES;
				CLANG_WARN_DIRECT_OBJC_ISA_USAGE = YES_ERROR;
				CLANG_WARN_DOCUMENTATION_COMMENTS = YES;
				CLANG_WARN_EMPTY_BODY = YES;
				CLANG_WARN_ENUM_CONVERSION = YES;
				CLANG_WARN_INFINITE_RECURSION = YES;
				CLANG_WARN_INT_CONVERSION = YES;
				CLANG_WARN_NON_LITERAL_NULL_CONVERSION = YES;
				CLANG_WARN_OBJC_IMPLICIT_RETAIN_SELF = YES;
				CLANG_WARN_OBJC_LITERAL_CONVERSION = YES;
				CLANG_WARN_OBJC_ROOT_CLASS = YES_ERROR;
				CLANG_WARN_QUOTED_INCLUDE_IN_FRAMEWORK_HEADER = YES;
				CLANG_WARN_RANGE_LOOP_ANALYSIS = YES;
				CLANG_WARN_STRICT_PROTOTYPES = YES;
				CLANG_WARN_SUSPICIOUS_MOVE = YES;
				CLANG_WARN_UNGUARDED_AVAILABILITY = YES_AGGRESSIVE;
				CLANG_WARN_UNREACHABLE_CODE = YES;
				CLANG_WARN__DUPLICATE_METHOD_MATCH = YES;
				COPY_PHASE_STRIP = NO;
				DEBUG_INFORMATION_FORMAT = dwarf;
				ENABLE_STRICT_OBJC_MSGSEND = YES;
				ENABLE_TESTABILITY = YES;
				GCC_C_LANGUAGE_STANDARD = gnu11;
				GCC_DYNAMIC_NO_PIC = NO;
				GCC_NO_COMMON_BLOCKS = YES;
				GCC_OPTIMIZATION_LEVEL = 0;
				GCC_PREPROCESSOR_DEFINITIONS = (
					"DEBUG=1",
					"$(inherited)",
				);
				GCC_WARN_64_TO_32_BIT_CONVERSION = YES;
				GCC_WARN_ABOUT_RETURN_TYPE = YES_ERROR;
				GCC_WARN_UNDECLARED_SELECTOR = YES;
				GCC_WARN_UNINITIALIZED_AUTOS = YES_AGGRESSIVE;
				GCC_WARN_UNUSED_FUNCTION = YES;
				GCC_WARN_UNUSED_VARIABLE = YES;
				IPHONEOS_DEPLOYMENT_TARGET = 15.0;
				MTL_ENABLE_DEBUG_INFO = INCLUDE_SOURCE;
				MTL_FAST_MATH = YES;
				ONLY_ACTIVE_ARCH = YES;
				SDKROOT = iphoneos;
				SWIFT_ACTIVE_COMPILATION_CONDITIONS = DEBUG;
				SWIFT_OPTIMIZATION_LEVEL = "-Onone";
			};
			name = Debug;
		};
		F5A4ADC82819B46300CCE178 /* Release */ = {
			isa = XCBuildConfiguration;
			buildSettings = {
				ALWAYS_SEARCH_USER_PATHS = NO;
				CLANG_ANALYZER_NONNULL = YES;
				CLANG_ANALYZER_NUMBER_OBJECT_CONVERSION = YES_AGGRESSIVE;
				CLANG_CXX_LANGUAGE_STANDARD = "gnu++17";
				CLANG_CXX_LIBRARY = "libc++";
				CLANG_ENABLE_MODULES = YES;
				CLANG_ENABLE_OBJC_ARC = YES;
				CLANG_ENABLE_OBJC_WEAK = YES;
				CLANG_WARN_BLOCK_CAPTURE_AUTORELEASING = YES;
				CLANG_WARN_BOOL_CONVERSION = YES;
				CLANG_WARN_COMMA = YES;
				CLANG_WARN_CONSTANT_CONVERSION = YES;
				CLANG_WARN_DEPRECATED_OBJC_IMPLEMENTATIONS = YES;
				CLANG_WARN_DIRECT_OBJC_ISA_USAGE = YES_ERROR;
				CLANG_WARN_DOCUMENTATION_COMMENTS = YES;
				CLANG_WARN_EMPTY_BODY = YES;
				CLANG_WARN_ENUM_CONVERSION = YES;
				CLANG_WARN_INFINITE_RECURSION = YES;
				CLANG_WARN_INT_CONVERSION = YES;
				CLANG_WARN_NON_LITERAL_NULL_CONVERSION = YES;
				CLANG_WARN_OBJC_IMPLICIT_RETAIN_SELF = YES;
				CLANG_WARN_OBJC_LITERAL_CONVERSION = YES;
				CLANG_WARN_OBJC_ROOT_CLASS = YES_ERROR;
				CLANG_WARN_QUOTED_INCLUDE_IN_FRAMEWORK_HEADER = YES;
				CLANG_WARN_RANGE_LOOP_ANALYSIS = YES;
				CLANG_WARN_STRICT_PROTOTYPES = YES;
				CLANG_WARN_SUSPICIOUS_MOVE = YES;
				CLANG_WARN_UNGUARDED_AVAILABILITY = YES_AGGRESSIVE;
				CLANG_WARN_UNREACHABLE_CODE = YES;
				CLANG_WARN__DUPLICATE_METHOD_MATCH = YES;
				COPY_PHASE_STRIP = NO;
				DEBUG_INFORMATION_FORMAT = "dwarf-with-dsym";
				ENABLE_NS_ASSERTIONS = NO;
				ENABLE_STRICT_OBJC_MSGSEND = YES;
				GCC_C_LANGUAGE_STANDARD = gnu11;
				GCC_NO_COMMON_BLOCKS = YES;
				GCC_WARN_64_TO_32_BIT_CONVERSION = YES;
				GCC_WARN_ABOUT_RETURN_TYPE = YES_ERROR;
				GCC_WARN_UNDECLARED_SELECTOR = YES;
				GCC_WARN_UNINITIALIZED_AUTOS = YES_AGGRESSIVE;
				GCC_WARN_UNUSED_FUNCTION = YES;
				GCC_WARN_UNUSED_VARIABLE = YES;
				IPHONEOS_DEPLOYMENT_TARGET = 15.0;
				MTL_ENABLE_DEBUG_INFO = NO;
				MTL_FAST_MATH = YES;
				SDKROOT = iphoneos;
				SWIFT_COMPILATION_MODE = wholemodule;
				SWIFT_OPTIMIZATION_LEVEL = "-O";
				VALIDATE_PRODUCT = YES;
			};
			name = Release;
		};
		F5A4ADCA2819B46300CCE178 /* Debug */ = {
			isa = XCBuildConfiguration;
			buildSettings = {
				ASSETCATALOG_COMPILER_APPICON_NAME = AppIcon;
				ASSETCATALOG_COMPILER_GLOBAL_ACCENT_COLOR_NAME = AccentColor;
				CODE_SIGN_STYLE = Automatic;
				CURRENT_PROJECT_VERSION = 1;
				DEVELOPMENT_ASSET_PATHS = "\"FoodGuru/Preview Content\"";
				DEVELOPMENT_TEAM = 2X8B5SP299;
				ENABLE_PREVIEWS = YES;
				GENERATE_INFOPLIST_FILE = YES;
				INFOPLIST_KEY_UIApplicationSceneManifest_Generation = YES;
				INFOPLIST_KEY_UIApplicationSupportsIndirectInputEvents = YES;
				INFOPLIST_KEY_UILaunchScreen_Generation = YES;
				INFOPLIST_KEY_UISupportedInterfaceOrientations = "";
				INFOPLIST_KEY_UISupportedInterfaceOrientations_iPad = "UIInterfaceOrientationPortrait UIInterfaceOrientationPortraitUpsideDown UIInterfaceOrientationLandscapeLeft UIInterfaceOrientationLandscapeRight";
				INFOPLIST_KEY_UISupportedInterfaceOrientations_iPhone = "UIInterfaceOrientationPortrait UIInterfaceOrientationLandscapeLeft UIInterfaceOrientationLandscapeRight";
				LD_RUNPATH_SEARCH_PATHS = (
					"$(inherited)",
					"@executable_path/Frameworks",
				);
				MARKETING_VERSION = 1.0;
				PRODUCT_BUNDLE_IDENTIFIER = com.appolica.FoodGuru;
				PRODUCT_NAME = "$(TARGET_NAME)";
				SWIFT_EMIT_LOC_STRINGS = YES;
				SWIFT_VERSION = 5.0;
				TARGETED_DEVICE_FAMILY = 1;
			};
			name = Debug;
		};
		F5A4ADCB2819B46300CCE178 /* Release */ = {
			isa = XCBuildConfiguration;
			buildSettings = {
				ASSETCATALOG_COMPILER_APPICON_NAME = AppIcon;
				ASSETCATALOG_COMPILER_GLOBAL_ACCENT_COLOR_NAME = AccentColor;
				CODE_SIGN_STYLE = Automatic;
				CURRENT_PROJECT_VERSION = 1;
				DEVELOPMENT_ASSET_PATHS = "\"FoodGuru/Preview Content\"";
				DEVELOPMENT_TEAM = 2X8B5SP299;
				ENABLE_PREVIEWS = YES;
				GENERATE_INFOPLIST_FILE = YES;
				INFOPLIST_KEY_UIApplicationSceneManifest_Generation = YES;
				INFOPLIST_KEY_UIApplicationSupportsIndirectInputEvents = YES;
				INFOPLIST_KEY_UILaunchScreen_Generation = YES;
				INFOPLIST_KEY_UISupportedInterfaceOrientations = "";
				INFOPLIST_KEY_UISupportedInterfaceOrientations_iPad = "UIInterfaceOrientationPortrait UIInterfaceOrientationPortraitUpsideDown UIInterfaceOrientationLandscapeLeft UIInterfaceOrientationLandscapeRight";
				INFOPLIST_KEY_UISupportedInterfaceOrientations_iPhone = "UIInterfaceOrientationPortrait UIInterfaceOrientationLandscapeLeft UIInterfaceOrientationLandscapeRight";
				LD_RUNPATH_SEARCH_PATHS = (
					"$(inherited)",
					"@executable_path/Frameworks",
				);
				MARKETING_VERSION = 1.0;
				PRODUCT_BUNDLE_IDENTIFIER = com.appolica.FoodGuru;
				PRODUCT_NAME = "$(TARGET_NAME)";
				SWIFT_EMIT_LOC_STRINGS = YES;
				SWIFT_VERSION = 5.0;
				TARGETED_DEVICE_FAMILY = 1;
			};
			name = Release;
		};
		F5A4ADCD2819B46300CCE178 /* Debug */ = {
			isa = XCBuildConfiguration;
			buildSettings = {
				ALWAYS_EMBED_SWIFT_STANDARD_LIBRARIES = YES;
				BUNDLE_LOADER = "$(TEST_HOST)";
				CODE_SIGN_STYLE = Automatic;
				CURRENT_PROJECT_VERSION = 1;
				DEVELOPMENT_TEAM = 2X8B5SP299;
				GENERATE_INFOPLIST_FILE = YES;
				IPHONEOS_DEPLOYMENT_TARGET = 15.0;
				LD_RUNPATH_SEARCH_PATHS = (
					"$(inherited)",
					"@executable_path/Frameworks",
					"@loader_path/Frameworks",
				);
				MARKETING_VERSION = 1.0;
				PRODUCT_BUNDLE_IDENTIFIER = com.appolica.FoodGuruTests;
				PRODUCT_NAME = "$(TARGET_NAME)";
				SWIFT_EMIT_LOC_STRINGS = NO;
				SWIFT_VERSION = 5.0;
				TARGETED_DEVICE_FAMILY = "1,2";
				TEST_HOST = "$(BUILT_PRODUCTS_DIR)/FoodGuru.app/FoodGuru";
			};
			name = Debug;
		};
		F5A4ADCE2819B46300CCE178 /* Release */ = {
			isa = XCBuildConfiguration;
			buildSettings = {
				ALWAYS_EMBED_SWIFT_STANDARD_LIBRARIES = YES;
				BUNDLE_LOADER = "$(TEST_HOST)";
				CODE_SIGN_STYLE = Automatic;
				CURRENT_PROJECT_VERSION = 1;
				DEVELOPMENT_TEAM = 2X8B5SP299;
				GENERATE_INFOPLIST_FILE = YES;
				IPHONEOS_DEPLOYMENT_TARGET = 15.0;
				LD_RUNPATH_SEARCH_PATHS = (
					"$(inherited)",
					"@executable_path/Frameworks",
					"@loader_path/Frameworks",
				);
				MARKETING_VERSION = 1.0;
				PRODUCT_BUNDLE_IDENTIFIER = com.appolica.FoodGuruTests;
				PRODUCT_NAME = "$(TARGET_NAME)";
				SWIFT_EMIT_LOC_STRINGS = NO;
				SWIFT_VERSION = 5.0;
				TARGETED_DEVICE_FAMILY = "1,2";
				TEST_HOST = "$(BUILT_PRODUCTS_DIR)/FoodGuru.app/FoodGuru";
			};
			name = Release;
		};
		F5A4ADD02819B46300CCE178 /* Debug */ = {
			isa = XCBuildConfiguration;
			buildSettings = {
				ALWAYS_EMBED_SWIFT_STANDARD_LIBRARIES = YES;
				CODE_SIGN_STYLE = Automatic;
				CURRENT_PROJECT_VERSION = 1;
				DEVELOPMENT_TEAM = 2X8B5SP299;
				GENERATE_INFOPLIST_FILE = YES;
				LD_RUNPATH_SEARCH_PATHS = (
					"$(inherited)",
					"@executable_path/Frameworks",
					"@loader_path/Frameworks",
				);
				MARKETING_VERSION = 1.0;
				PRODUCT_BUNDLE_IDENTIFIER = com.appolica.FoodGuruUITests;
				PRODUCT_NAME = "$(TARGET_NAME)";
				SWIFT_EMIT_LOC_STRINGS = NO;
				SWIFT_VERSION = 5.0;
				TARGETED_DEVICE_FAMILY = "1,2";
				TEST_TARGET_NAME = FoodGuru;
			};
			name = Debug;
		};
		F5A4ADD12819B46300CCE178 /* Release */ = {
			isa = XCBuildConfiguration;
			buildSettings = {
				ALWAYS_EMBED_SWIFT_STANDARD_LIBRARIES = YES;
				CODE_SIGN_STYLE = Automatic;
				CURRENT_PROJECT_VERSION = 1;
				DEVELOPMENT_TEAM = 2X8B5SP299;
				GENERATE_INFOPLIST_FILE = YES;
				LD_RUNPATH_SEARCH_PATHS = (
					"$(inherited)",
					"@executable_path/Frameworks",
					"@loader_path/Frameworks",
				);
				MARKETING_VERSION = 1.0;
				PRODUCT_BUNDLE_IDENTIFIER = com.appolica.FoodGuruUITests;
				PRODUCT_NAME = "$(TARGET_NAME)";
				SWIFT_EMIT_LOC_STRINGS = NO;
				SWIFT_VERSION = 5.0;
				TARGETED_DEVICE_FAMILY = "1,2";
				TEST_TARGET_NAME = FoodGuru;
			};
			name = Release;
		};
/* End XCBuildConfiguration section */

/* Begin XCConfigurationList section */
		F5A4ADA02819B46000CCE178 /* Build configuration list for PBXProject "FoodGuru" */ = {
			isa = XCConfigurationList;
			buildConfigurations = (
				F5A4ADC72819B46300CCE178 /* Debug */,
				F5A4ADC82819B46300CCE178 /* Release */,
			);
			defaultConfigurationIsVisible = 0;
			defaultConfigurationName = Release;
		};
		F5A4ADC92819B46300CCE178 /* Build configuration list for PBXNativeTarget "FoodGuru" */ = {
			isa = XCConfigurationList;
			buildConfigurations = (
				F5A4ADCA2819B46300CCE178 /* Debug */,
				F5A4ADCB2819B46300CCE178 /* Release */,
			);
			defaultConfigurationIsVisible = 0;
			defaultConfigurationName = Release;
		};
		F5A4ADCC2819B46300CCE178 /* Build configuration list for PBXNativeTarget "FoodGuruTests" */ = {
			isa = XCConfigurationList;
			buildConfigurations = (
				F5A4ADCD2819B46300CCE178 /* Debug */,
				F5A4ADCE2819B46300CCE178 /* Release */,
			);
			defaultConfigurationIsVisible = 0;
			defaultConfigurationName = Release;
		};
		F5A4ADCF2819B46300CCE178 /* Build configuration list for PBXNativeTarget "FoodGuruUITests" */ = {
			isa = XCConfigurationList;
			buildConfigurations = (
				F5A4ADD02819B46300CCE178 /* Debug */,
				F5A4ADD12819B46300CCE178 /* Release */,
			);
			defaultConfigurationIsVisible = 0;
			defaultConfigurationName = Release;
		};
/* End XCConfigurationList section */
	};
	rootObject = F5A4AD9D2819B46000CCE178 /* Project object */;
}
